dependencies:
- name: rook-ceph
  repository: https://charts.rook.io/release/
  version: v1.17.3
- name: rook-ceph-cluster
  repository: https://charts.rook.io/release/
  version: v1.17.4
digest: sha256:7098ed5815aa9f64d910876508f81df6bda1ff14101b02ed592aa781e8befe34
generated: "2025-06-06T01:15:21.99725462Z"
