dependencies:
- name: rook-ceph
  repository: https://charts.rook.io/release/
  version: v1.16.5
- name: rook-ceph-cluster
  repository: https://charts.rook.io/release/
  version: v1.16.5
digest: sha256:4109b27bcc1dce55dbfec483723067209acc9de2a48d8e30f664cf6401998600
generated: "2025-03-10T22:39:34.501611767Z"
