dependencies:
- name: rook-ceph
  repository: https://charts.rook.io/release/
  version: v1.17.2
- name: rook-ceph-cluster
  repository: https://charts.rook.io/release/
  version: v1.17.2
digest: sha256:7a0b4629d09d3294633e16195869573fce6b13a7f5bcf3ba93539ddd3458bdb4
generated: "2025-05-12T02:28:21.046165996Z"
